
Microsoft Visual Studio Solution File, Format Version 12.00
# Visual Studio Version 16
VisualStudioVersion = 16.0.29926.136
MinimumVisualStudioVersion = 10.0.40219.1
Project("{9A19103F-16F7-4668-BE54-9A1E7A4F7556}") = "ParalizationTools", "ParalizationTools\ParalizationTools.csproj", "{9B6AD957-1764-400E-B306-F1D8E33B9445}"
EndProject
Project("{9A19103F-16F7-4668-BE54-9A1E7A4F7556}") = "NUnitTest", "NUnitTestProject1\NUnitTest.csproj", "{EBAE6BE0-CB4F-496F-87FD-1F70ED8C94A6}"
EndProject
Project("{FAE04EC0-301F-11D3-BF4B-00C04F79EFBC}") = "Parallelization Examples", "Parallelization Examples\Parallelization Examples.csproj", "{CEEBEC78-4015-4E26-8058-D04FA5F7027A}"
EndProject
Global
	GlobalSection(SolutionConfigurationPlatforms) = preSolution
		Debug|Any CPU = Debug|Any CPU
		Release|Any CPU = Release|Any CPU
	EndGlobalSection
	GlobalSection(ProjectConfigurationPlatforms) = postSolution
		{9B6AD957-1764-400E-B306-F1D8E33B9445}.Debug|Any CPU.ActiveCfg = Debug|Any CPU
		{9B6AD957-1764-400E-B306-F1D8E33B9445}.Debug|Any CPU.Build.0 = Debug|Any CPU
		{9B6AD957-1764-400E-B306-F1D8E33B9445}.Release|Any CPU.ActiveCfg = Release|Any CPU
		{9B6AD957-1764-400E-B306-F1D8E33B9445}.Release|Any CPU.Build.0 = Release|Any CPU
		{EBAE6BE0-CB4F-496F-87FD-1F70ED8C94A6}.Debug|Any CPU.ActiveCfg = Debug|Any CPU
		{EBAE6BE0-CB4F-496F-87FD-1F70ED8C94A6}.Debug|Any CPU.Build.0 = Debug|Any CPU
		{EBAE6BE0-CB4F-496F-87FD-1F70ED8C94A6}.Release|Any CPU.ActiveCfg = Release|Any CPU
		{EBAE6BE0-CB4F-496F-87FD-1F70ED8C94A6}.Release|Any CPU.Build.0 = Release|Any CPU
		{CEEBEC78-4015-4E26-8058-D04FA5F7027A}.Debug|Any CPU.ActiveCfg = Debug|Any CPU
		{CEEBEC78-4015-4E26-8058-D04FA5F7027A}.Debug|Any CPU.Build.0 = Debug|Any CPU
		{CEEBEC78-4015-4E26-8058-D04FA5F7027A}.Release|Any CPU.ActiveCfg = Release|Any CPU
		{CEEBEC78-4015-4E26-8058-D04FA5F7027A}.Release|Any CPU.Build.0 = Release|Any CPU
	EndGlobalSection
	GlobalSection(SolutionProperties) = preSolution
		HideSolutionNode = FALSE
	EndGlobalSection
	GlobalSection(ExtensibilityGlobals) = postSolution
		SolutionGuid = {D16A39E5-474A-4CEB-BE76-7FEFCAC89F9A}
	EndGlobalSection
EndGlobal
